
Microsoft Visual Studio Solution File, Format Version 12.00
# Visual Studio Version 16
VisualStudioVersion = 16.0.30002.166
MinimumVisualStudioVersion = 10.0.40219.1
Project("{FAE04EC0-301F-11D3-BF4B-00C04F79EFBC}") = "Cyberpunk trainer", "Cyberpunk trainer\Cyberpunk trainer.csproj", "{0D254537-6464-4F0A-BF4D-629C320C392F}"
EndProject
Global
	GlobalSection(SolutionConfigurationPlatforms) = preSolution
		Debug|Any CPU = Debug|Any CPU
		Debug|x64 = Debug|x64
		Release|Any CPU = Release|Any CPU
		Release|x64 = Release|x64
	EndGlobalSection
	GlobalSection(ProjectConfigurationPlatforms) = postSolution
		{0D254537-6464-4F0A-BF4D-629C320C392F}.Debug|Any CPU.ActiveCfg = Debug|Any CPU
		{0D254537-6464-4F0A-BF4D-629C320C392F}.Debug|Any CPU.Build.0 = Debug|Any CPU
		{0D254537-6464-4F0A-BF4D-629C320C392F}.Debug|x64.ActiveCfg = Debug|x64
		{0D254537-6464-4F0A-BF4D-629C320C392F}.Debug|x64.Build.0 = Debug|x64
		{0D254537-6464-4F0A-BF4D-629C320C392F}.Release|Any CPU.ActiveCfg = Release|Any CPU
		{0D254537-6464-4F0A-BF4D-629C320C392F}.Release|Any CPU.Build.0 = Release|Any CPU
		{0D254537-6464-4F0A-BF4D-629C320C392F}.Release|x64.ActiveCfg = Release|x64
		{0D254537-6464-4F0A-BF4D-629C320C392F}.Release|x64.Build.0 = Release|x64
	EndGlobalSection
	GlobalSection(SolutionProperties) = preSolution
		HideSolutionNode = FALSE
	EndGlobalSection
	GlobalSection(ExtensibilityGlobals) = postSolution
		SolutionGuid = {976077EC-9397-41A9-B473-10D186F103F8}
	EndGlobalSection
EndGlobal
